
Microsoft Visual Studio Solution File, Format Version 12.00
# Visual Studio Version 17
VisualStudioVersion = 17.5.002.0
MinimumVisualStudioVersion = 10.0.40219.1
Project("{9A19103F-16F7-4668-BE54-9A1E7A4F7556}") = "HondaBearingServerless", "HondaBearingServerless.csproj", "{A2C2978A-9AE7-4F31-8777-601D085036F5}"
EndProject
Global
	GlobalSection(SolutionConfigurationPlatforms) = preSolution
		Debug|Any CPU = Debug|Any CPU
		Release|Any CPU = Release|Any CPU
	EndGlobalSection
	GlobalSection(ProjectConfigurationPlatforms) = postSolution
		{A2C2978A-9AE7-4F31-8777-601D085036F5}.Debug|Any CPU.ActiveCfg = Debug|Any CPU
		{A2C2978A-9AE7-4F31-8777-601D085036F5}.Debug|Any CPU.Build.0 = Debug|Any CPU
		{A2C2978A-9AE7-4F31-8777-601D085036F5}.Release|Any CPU.ActiveCfg = Release|Any CPU
		{A2C2978A-9AE7-4F31-8777-601D085036F5}.Release|Any CPU.Build.0 = Release|Any CPU
	EndGlobalSection
	GlobalSection(SolutionProperties) = preSolution
		HideSolutionNode = FALSE
	EndGlobalSection
	GlobalSection(ExtensibilityGlobals) = postSolution
		SolutionGuid = {A16E86DF-0848-4A69-B238-579AE4AA61E7}
	EndGlobalSection
EndGlobal
